
Microsoft Visual Studio Solution File, Format Version 12.00
# Visual Studio Version 17
VisualStudioVersion = 17.0.31717.71
MinimumVisualStudioVersion = 10.0.40219.1
Project("{9A19103F-16F7-4668-BE54-9A1E7A4F7556}") = "ScottPlot", "ScottPlot5\ScottPlot.csproj", "{9EBDE18F-F155-4C30-AEDC-624D4AA13E8C}"
EndProject
Project("{2150E333-8FDC-42A3-9474-1A3956D46DE8}") = "Controls", "Controls", "{957BAA80-422B-4231-BEC1-D03FD89425A2}"
EndProject
Project("{2150E333-8FDC-42A3-9474-1A3956D46DE8}") = "Demo", "Demo", "{6500EB02-9E5D-4FDF-AAEC-84B831B4E396}"
EndProject
Project("{2150E333-8FDC-42A3-9474-1A3956D46DE8}") = "Advanced Tests", "Advanced Tests", "{B0708928-FFD3-4062-A3AD-3BA9D7CD8A55}"
EndProject
Project("{2150E333-8FDC-42A3-9474-1A3956D46DE8}") = "Dev", "Dev", "{8EC462FD-D22E-90A8-E5CE-7E832BA40C5D}"
	ProjectSection(SolutionItems) = preProject
		..\..\CHANGELOG.md = ..\..\CHANGELOG.md
	EndProjectSection
EndProject
Project("{FAE04EC0-301F-11D3-BF4B-00C04F79EFBC}") = "ScottPlot.MauiMvvm", "ScottPlot5 Controls\ScottPlot.MauiMvvm\ScottPlot.MauiMvvm.csproj", "{6781E038-7C85-C40F-3613-649E0E068E62}"
EndProject
Project("{FAE04EC0-301F-11D3-BF4B-00C04F79EFBC}") = "MauiMvvmApp", "ScottPlot5 Demos\MauiMvvmApp\MauiMvvmApp.csproj", "{AFB58414-6D5B-CA3A-BCF8-FE0A1C9CD9B4}"
EndProject
Global
	GlobalSection(SolutionConfigurationPlatforms) = preSolution
		Debug|Any CPU = Debug|Any CPU
		Release|Any CPU = Release|Any CPU
	EndGlobalSection
	GlobalSection(ProjectConfigurationPlatforms) = postSolution
		{9EBDE18F-F155-4C30-AEDC-624D4AA13E8C}.Debug|Any CPU.ActiveCfg = Debug|Any CPU
		{9EBDE18F-F155-4C30-AEDC-624D4AA13E8C}.Debug|Any CPU.Build.0 = Debug|Any CPU
		{9EBDE18F-F155-4C30-AEDC-624D4AA13E8C}.Release|Any CPU.ActiveCfg = Release|Any CPU
		{9EBDE18F-F155-4C30-AEDC-624D4AA13E8C}.Release|Any CPU.Build.0 = Release|Any CPU
		{6781E038-7C85-C40F-3613-649E0E068E62}.Debug|Any CPU.ActiveCfg = Debug|Any CPU
		{6781E038-7C85-C40F-3613-649E0E068E62}.Debug|Any CPU.Build.0 = Debug|Any CPU
		{6781E038-7C85-C40F-3613-649E0E068E62}.Release|Any CPU.ActiveCfg = Release|Any CPU
		{6781E038-7C85-C40F-3613-649E0E068E62}.Release|Any CPU.Build.0 = Release|Any CPU
		{AFB58414-6D5B-CA3A-BCF8-FE0A1C9CD9B4}.Debug|Any CPU.ActiveCfg = Debug|Any CPU
		{AFB58414-6D5B-CA3A-BCF8-FE0A1C9CD9B4}.Debug|Any CPU.Build.0 = Debug|Any CPU
		{AFB58414-6D5B-CA3A-BCF8-FE0A1C9CD9B4}.Debug|Any CPU.Deploy.0 = Debug|Any CPU
		{AFB58414-6D5B-CA3A-BCF8-FE0A1C9CD9B4}.Release|Any CPU.ActiveCfg = Release|Any CPU
		{AFB58414-6D5B-CA3A-BCF8-FE0A1C9CD9B4}.Release|Any CPU.Build.0 = Release|Any CPU
		{AFB58414-6D5B-CA3A-BCF8-FE0A1C9CD9B4}.Release|Any CPU.Deploy.0 = Release|Any CPU
	EndGlobalSection
	GlobalSection(SolutionProperties) = preSolution
		HideSolutionNode = FALSE
	EndGlobalSection
	GlobalSection(NestedProjects) = preSolution
		{6781E038-7C85-C40F-3613-649E0E068E62} = {957BAA80-422B-4231-BEC1-D03FD89425A2}
		{AFB58414-6D5B-CA3A-BCF8-FE0A1C9CD9B4} = {6500EB02-9E5D-4FDF-AAEC-84B831B4E396}
	EndGlobalSection
	GlobalSection(ExtensibilityGlobals) = postSolution
		SolutionGuid = {FBAE082A-173A-4F13-BE31-E6C070513C9C}
	EndGlobalSection
EndGlobal
